
Microsoft Visual Studio Solution File, Format Version 12.00
# Visual Studio 15
VisualStudioVersion = 15.0.28010.2048
MinimumVisualStudioVersion = 10.0.40219.1
Project("{2150E333-8FDC-42A3-9474-1A3956D46DE8}") = "Web", "Web", "{05F8A78D-F5B0-4A8D-8BA9-BC9F15E90B10}"
EndProject
Project("{9A19103F-16F7-4668-BE54-9A1E7A4F7556}") = "JFA.Yearbook.Web", "Batch97\JFA.Yearbook.Web.csproj", "{7A92DD1B-379F-4D0C-94B5-3B16C20ED271}"
EndProject
Project("{2150E333-8FDC-42A3-9474-1A3956D46DE8}") = "Core", "Core", "{6634A59C-F692-40C0-91BD-3D002D07036A}"
EndProject
Project("{FAE04EC0-301F-11D3-BF4B-00C04F79EFBC}") = "JFA.Yearbook.Core", "JFA.Yearbook.Core\JFA.Yearbook.Core.csproj", "{010EB560-49E8-4262-BE84-CB2F137DECF6}"
EndProject
Global
	GlobalSection(SolutionConfigurationPlatforms) = preSolution
		Debug|Any CPU = Debug|Any CPU
		Release|Any CPU = Release|Any CPU
	EndGlobalSection
	GlobalSection(ProjectConfigurationPlatforms) = postSolution
		{7A92DD1B-379F-4D0C-94B5-3B16C20ED271}.Debug|Any CPU.ActiveCfg = Debug|Any CPU
		{7A92DD1B-379F-4D0C-94B5-3B16C20ED271}.Debug|Any CPU.Build.0 = Debug|Any CPU
		{7A92DD1B-379F-4D0C-94B5-3B16C20ED271}.Release|Any CPU.ActiveCfg = Release|Any CPU
		{7A92DD1B-379F-4D0C-94B5-3B16C20ED271}.Release|Any CPU.Build.0 = Release|Any CPU
		{010EB560-49E8-4262-BE84-CB2F137DECF6}.Debug|Any CPU.ActiveCfg = Debug|Any CPU
		{010EB560-49E8-4262-BE84-CB2F137DECF6}.Debug|Any CPU.Build.0 = Debug|Any CPU
		{010EB560-49E8-4262-BE84-CB2F137DECF6}.Release|Any CPU.ActiveCfg = Release|Any CPU
		{010EB560-49E8-4262-BE84-CB2F137DECF6}.Release|Any CPU.Build.0 = Release|Any CPU
	EndGlobalSection
	GlobalSection(SolutionProperties) = preSolution
		HideSolutionNode = FALSE
	EndGlobalSection
	GlobalSection(NestedProjects) = preSolution
		{7A92DD1B-379F-4D0C-94B5-3B16C20ED271} = {05F8A78D-F5B0-4A8D-8BA9-BC9F15E90B10}
		{010EB560-49E8-4262-BE84-CB2F137DECF6} = {6634A59C-F692-40C0-91BD-3D002D07036A}
	EndGlobalSection
	GlobalSection(ExtensibilityGlobals) = postSolution
		SolutionGuid = {C10140B3-1C69-4C50-AC06-6662847376DF}
	EndGlobalSection
EndGlobal
